
Microsoft Visual Studio Solution File, Format Version 12.00
# Visual Studio Version 16
VisualStudioVersion = 16.0.31624.102
MinimumVisualStudioVersion = 10.0.40219.1
Project("{FAE04EC0-301F-11D3-BF4B-00C04F79EFBC}") = "scooter_rental", "scooter_rental\scooter_rental.csproj", "{2E9CCC99-4C2A-4C93-A1F0-33F65C4629AF}"
EndProject
Global
	GlobalSection(SolutionConfigurationPlatforms) = preSolution
		Debug|Any CPU = Debug|Any CPU
		Release|Any CPU = Release|Any CPU
	EndGlobalSection
	GlobalSection(ProjectConfigurationPlatforms) = postSolution
		{2E9CCC99-4C2A-4C93-A1F0-33F65C4629AF}.Debug|Any CPU.ActiveCfg = Debug|Any CPU
		{2E9CCC99-4C2A-4C93-A1F0-33F65C4629AF}.Debug|Any CPU.Build.0 = Debug|Any CPU
		{2E9CCC99-4C2A-4C93-A1F0-33F65C4629AF}.Release|Any CPU.ActiveCfg = Release|Any CPU
		{2E9CCC99-4C2A-4C93-A1F0-33F65C4629AF}.Release|Any CPU.Build.0 = Release|Any CPU
	EndGlobalSection
	GlobalSection(SolutionProperties) = preSolution
		HideSolutionNode = FALSE
	EndGlobalSection
	GlobalSection(ExtensibilityGlobals) = postSolution
		SolutionGuid = {38886D43-C1B4-4D06-8786-3EC7E35C77B8}
	EndGlobalSection
EndGlobal
